
Microsoft Visual Studio Solution File, Format Version 12.00
Project("{FAE04EC0-301F-11D3-BF4B-00C04F79EFBC}") = "Flandre.Plugins.HttpCat", "src\Flandre.Plugins.HttpCat\Flandre.Plugins.HttpCat.csproj", "{401954F2-A12F-4F43-945B-21556FF0BF18}"
EndProject
Project("{FAE04EC0-301F-11D3-BF4B-00C04F79EFBC}") = "Flandre.Plugins.WolframAlpha", "src\Flandre.Plugins.WolframAlpha\Flandre.Plugins.WolframAlpha.csproj", "{ACEADF94-7EF0-4881-9191-85076C5DDC10}"
EndProject
Project("{FAE04EC0-301F-11D3-BF4B-00C04F79EFBC}") = "Flandre.Plugins.DeepL", "src\Flandre.Plugins.DeepL\Flandre.Plugins.DeepL.csproj", "{BC638A7A-A8F7-471B-BBE5-65FD3DDAD8A4}"
EndProject
Project("{FAE04EC0-301F-11D3-BF4B-00C04F79EFBC}") = "Flandre.Plugins.BaiduTranslate", "src\Flandre.Plugins.BaiduTranslate\Flandre.Plugins.BaiduTranslate.csproj", "{26761612-DD3D-4E1A-9D76-7A564307A8D0}"
EndProject
Global
	GlobalSection(SolutionConfigurationPlatforms) = preSolution
		Debug|Any CPU = Debug|Any CPU
		Release|Any CPU = Release|Any CPU
	EndGlobalSection
	GlobalSection(ProjectConfigurationPlatforms) = postSolution
		{401954F2-A12F-4F43-945B-21556FF0BF18}.Debug|Any CPU.ActiveCfg = Debug|Any CPU
		{401954F2-A12F-4F43-945B-21556FF0BF18}.Debug|Any CPU.Build.0 = Debug|Any CPU
		{401954F2-A12F-4F43-945B-21556FF0BF18}.Release|Any CPU.ActiveCfg = Release|Any CPU
		{401954F2-A12F-4F43-945B-21556FF0BF18}.Release|Any CPU.Build.0 = Release|Any CPU
		{ACEADF94-7EF0-4881-9191-85076C5DDC10}.Debug|Any CPU.ActiveCfg = Debug|Any CPU
		{ACEADF94-7EF0-4881-9191-85076C5DDC10}.Debug|Any CPU.Build.0 = Debug|Any CPU
		{ACEADF94-7EF0-4881-9191-85076C5DDC10}.Release|Any CPU.ActiveCfg = Release|Any CPU
		{ACEADF94-7EF0-4881-9191-85076C5DDC10}.Release|Any CPU.Build.0 = Release|Any CPU
		{BC638A7A-A8F7-471B-BBE5-65FD3DDAD8A4}.Debug|Any CPU.ActiveCfg = Debug|Any CPU
		{BC638A7A-A8F7-471B-BBE5-65FD3DDAD8A4}.Debug|Any CPU.Build.0 = Debug|Any CPU
		{BC638A7A-A8F7-471B-BBE5-65FD3DDAD8A4}.Release|Any CPU.ActiveCfg = Release|Any CPU
		{BC638A7A-A8F7-471B-BBE5-65FD3DDAD8A4}.Release|Any CPU.Build.0 = Release|Any CPU
		{26761612-DD3D-4E1A-9D76-7A564307A8D0}.Debug|Any CPU.ActiveCfg = Debug|Any CPU
		{26761612-DD3D-4E1A-9D76-7A564307A8D0}.Debug|Any CPU.Build.0 = Debug|Any CPU
		{26761612-DD3D-4E1A-9D76-7A564307A8D0}.Release|Any CPU.ActiveCfg = Release|Any CPU
		{26761612-DD3D-4E1A-9D76-7A564307A8D0}.Release|Any CPU.Build.0 = Release|Any CPU
	EndGlobalSection
EndGlobal
